
Microsoft Visual Studio Solution File, Format Version 12.00
# Visual Studio Version 17
VisualStudioVersion = 17.3.32929.385
MinimumVisualStudioVersion = 10.0.40219.1
Project("{9A19103F-16F7-4668-BE54-9A1E7A4F7556}") = "el_r3ad", "el r3ad\el_r3ad.csproj", "{508D8C20-C885-4B6D-8FC3-080E013AB4EB}"
EndProject
Global
	GlobalSection(SolutionConfigurationPlatforms) = preSolution
		Debug|Any CPU = Debug|Any CPU
		Release|Any CPU = Release|Any CPU
	EndGlobalSection
	GlobalSection(ProjectConfigurationPlatforms) = postSolution
		{508D8C20-C885-4B6D-8FC3-080E013AB4EB}.Debug|Any CPU.ActiveCfg = Debug|Any CPU
		{508D8C20-C885-4B6D-8FC3-080E013AB4EB}.Debug|Any CPU.Build.0 = Debug|Any CPU
		{508D8C20-C885-4B6D-8FC3-080E013AB4EB}.Release|Any CPU.ActiveCfg = Release|Any CPU
		{508D8C20-C885-4B6D-8FC3-080E013AB4EB}.Release|Any CPU.Build.0 = Release|Any CPU
	EndGlobalSection
	GlobalSection(SolutionProperties) = preSolution
		HideSolutionNode = FALSE
	EndGlobalSection
	GlobalSection(ExtensibilityGlobals) = postSolution
		SolutionGuid = {3901AB0C-CABE-41FC-8190-A9225F7213C5}
	EndGlobalSection
EndGlobal
